{
  "version": 4,
  "terraform_version": "1.13.0",
  "serial": 1,
  "lineage": "c2f7c4a1-6c6a-4d7d-8d5f-stackgen-fintech-poc",
  "outputs": {},
  "resources": [
    {
      "mode": "managed",
      "type": "aws_vpc",
      "name": "main",
      "provider": "provider[\"registry.terraform.io/hashicorp/aws\"]",
      "instances": [
        {
          "schema_version": 0,
          "attributes": {
            "id": "vpc-0123456789abcdef0",
            "cidr_block": "10.0.0.0/16",
            "tags": {
              "Name": "payment-service-vpc",
              "Environment": "dev"
            }
          }
        }
      ]
    },

    {
      "mode": "managed",
      "type": "aws_subnet",
      "name": "public",
      "provider": "provider[\"registry.terraform.io/hashicorp/aws\"]",
      "instances": [
        {
          "schema_version": 0,
          "attributes": {
            "id": "subnet-11111111111111111",
            "vpc_id": "vpc-0123456789abcdef0",
            "cidr_block": "10.0.1.0/24"
          }
        }
      ]
    },

    {
      "mode": "managed",
      "type": "aws_subnet",
      "name": "private",
      "provider": "provider[\"registry.terraform.io/hashicorp/aws\"]",
      "instances": [
        {
          "schema_version": 0,
          "attributes": {
            "id": "subnet-22222222222222222",
            "vpc_id": "vpc-0123456789abcdef0",
            "cidr_block": "10.0.2.0/24"
          }
        }
      ]
    },

    {
      "mode": "managed",
      "type": "aws_security_group",
      "name": "ecs",
      "provider": "provider[\"registry.terraform.io/hashicorp/aws\"]",
      "instances": [
        {
          "schema_version": 0,
          "attributes": {
            "id": "sg-1234567890abcdef0",
            "name": "payment-service-ecs-sg",
            "vpc_id": "vpc-0123456789abcdef0"
          }
        }
      ]
    },

    {
      "mode": "managed",
      "type": "aws_ecs_cluster",
      "name": "main",
      "provider": "provider[\"registry.terraform.io/hashicorp/aws\"]",
      "instances": [
        {
          "schema_version": 0,
          "attributes": {
            "id": "arn:aws:ecs:us-east-1:123456789012:cluster/payment-service-cluster",
            "name": "payment-service-cluster"
          }
        }
      ]
    },

    {
      "mode": "managed",
      "type": "aws_ecs_task_definition",
      "name": "app",
      "provider": "provider[\"registry.terraform.io/hashicorp/aws\"]",
      "instances": [
        {
          "schema_version": 0,
          "attributes": {
            "family": "payment-service",
            "cpu": "256",
            "memory": "512"
          }
        }
      ]
    },

    {
      "mode": "managed",
      "type": "aws_ecs_service",
      "name": "app",
      "provider": "provider[\"registry.terraform.io/hashicorp/aws\"]",
      "instances": [
        {
          "schema_version": 0,
          "attributes": {
            "id": "arn:aws:ecs:us-east-1:123456789012:service/payment-service",
            "name": "payment-service",
            "desired_count": 1
          }
        }
      ]
    },

    {
      "mode": "managed",
      "type": "aws_cloudwatch_log_group",
      "name": "ecs",
      "provider": "provider[\"registry.terraform.io/hashicorp/aws\"]",
      "instances": [
        {
          "schema_version": 0,
          "attributes": {
            "name": "/ecs/payment-service"
          }
        }
      ]
    },

    {
      "mode": "managed",
      "type": "aws_secretsmanager_secret",
      "name": "db_password",
      "provider": "provider[\"registry.terraform.io/hashicorp/aws\"]",
      "instances": [
        {
          "schema_version": 0,
          "attributes": {
            "name": "payment-service-db-password"
          }
        }
      ]
    },

    {
      "mode": "managed",
      "type": "aws_db_subnet_group",
      "name": "postgres",
      "provider": "provider[\"registry.terraform.io/hashicorp/aws\"]",
      "instances": [
        {
          "schema_version": 0,
          "attributes": {
            "name": "payment-service-db-subnet-group"
          }
        }
      ]
    },

    {
      "mode": "managed",
      "type": "aws_db_instance",
      "name": "postgres",
      "provider": "provider[\"registry.terraform.io/hashicorp/aws\"]",
      "instances": [
        {
          "schema_version": 0,
          "attributes": {
            "id": "payment-service-postgres",
            "engine": "postgres",
            "instance_class": "db.t3.micro",
            "allocated_storage": 20,
            "publicly_accessible": false,
            "endpoint": "payment-service-postgres.abcdef.us-east-1.rds.amazonaws.com"
          }
        }
      ]
    }
  ]
}